// !$*UTF8*$!
{
	archiveVersion = 1;
	classes = {
	};
	objectVersion = 46;
	objects = {

/* Begin PBXBuildFile section */
		405BC0311BECFFEE005315A1 /* AppDelegate.swift in Sources */ = {isa = PBXBuildFile; fileRef = 405BC0301BECFFEE005315A1 /* AppDelegate.swift */; };
		405BC0331BECFFEE005315A1 /* GameScene.sks in Resources */ = {isa = PBXBuildFile; fileRef = 405BC0321BECFFEE005315A1 /* GameScene.sks */; };
		405BC0351BECFFEE005315A1 /* GameScene.swift in Sources */ = {isa = PBXBuildFile; fileRef = 405BC0341BECFFEE005315A1 /* GameScene.swift */; };
		405BC0371BECFFEE005315A1 /* GameViewController.swift in Sources */ = {isa = PBXBuildFile; fileRef = 405BC0361BECFFEE005315A1 /* GameViewController.swift */; };
		405BC03A1BECFFEE005315A1 /* Main.storyboard in Resources */ = {isa = PBXBuildFile; fileRef = 405BC0381BECFFEE005315A1 /* Main.storyboard */; };
		405BC03C1BECFFEE005315A1 /* Assets.xcassets in Resources */ = {isa = PBXBuildFile; fileRef = 405BC03B1BECFFEE005315A1 /* Assets.xcassets */; };
		405BC03F1BECFFEE005315A1 /* LaunchScreen.storyboard in Resources */ = {isa = PBXBuildFile; fileRef = 405BC03D1BECFFEE005315A1 /* LaunchScreen.storyboard */; };
		405BC04A1BECFFEE005315A1 /* conwaysRulesTests.swift in Sources */ = {isa = PBXBuildFile; fileRef = 405BC0491BECFFEE005315A1 /* conwaysRulesTests.swift */; };
		405BC0551BECFFEE005315A1 /* conwaysRulesUITests.swift in Sources */ = {isa = PBXBuildFile; fileRef = 405BC0541BECFFEE005315A1 /* conwaysRulesUITests.swift */; };
		405BC0631BED000D005315A1 /* Conway.swift in Sources */ = {isa = PBXBuildFile; fileRef = 405BC0621BED000D005315A1 /* Conway.swift */; };
/* End PBXBuildFile section */

/* Begin PBXContainerItemProxy section */
		405BC0461BECFFEE005315A1 /* PBXContainerItemProxy */ = {
			isa = PBXContainerItemProxy;
			containerPortal = 405BC0251BECFFEE005315A1 /* Project object */;
			proxyType = 1;
			remoteGlobalIDString = 405BC02C1BECFFEE005315A1;
			remoteInfo = conwaysRules;
		};
		405BC0511BECFFEE005315A1 /* PBXContainerItemProxy */ = {
			isa = PBXContainerItemProxy;
			containerPortal = 405BC0251BECFFEE005315A1 /* Project object */;
			proxyType = 1;
			remoteGlobalIDString = 405BC02C1BECFFEE005315A1;
			remoteInfo = conwaysRules;
		};
/* End PBXContainerItemProxy section */

/* Begin PBXFileReference section */
		405BC02D1BECFFEE005315A1 /* conwaysRules.app */ = {isa = PBXFileReference; explicitFileType = wrapper.application; includeInIndex = 0; path = conwaysRules.app; sourceTree = BUILT_PRODUCTS_DIR; };
		405BC0301BECFFEE005315A1 /* AppDelegate.swift */ = {isa = PBXFileReference; lastKnownFileType = sourcecode.swift; path = AppDelegate.swift; sourceTree = "<group>"; };
		405BC0321BECFFEE005315A1 /* GameScene.sks */ = {isa = PBXFileReference; lastKnownFileType = file.sks; path = GameScene.sks; sourceTree = "<group>"; };
		405BC0341BECFFEE005315A1 /* GameScene.swift */ = {isa = PBXFileReference; lastKnownFileType = sourcecode.swift; path = GameScene.swift; sourceTree = "<group>"; };
		405BC0361BECFFEE005315A1 /* GameViewController.swift */ = {isa = PBXFileReference; lastKnownFileType = sourcecode.swift; path = GameViewController.swift; sourceTree = "<group>"; };
		405BC0391BECFFEE005315A1 /* Base */ = {isa = PBXFileReference; lastKnownFileType = file.storyboard; name = Base; path = Base.lproj/Main.storyboard; sourceTree = "<group>"; };
		405BC03B1BECFFEE005315A1 /* Assets.xcassets */ = {isa = PBXFileReference; lastKnownFileType = folder.assetcatalog; path = Assets.xcassets; sourceTree = "<group>"; };
		405BC03E1BECFFEE005315A1 /* Base */ = {isa = PBXFileReference; lastKnownFileType = file.storyboard; name = Base; path = Base.lproj/LaunchScreen.storyboard; sourceTree = "<group>"; };
		405BC0401BECFFEE005315A1 /* Info.plist */ = {isa = PBXFileReference; lastKnownFileType = text.plist.xml; path = Info.plist; sourceTree = "<group>"; };
		405BC0451BECFFEE005315A1 /* conwaysRulesTests.xctest */ = {isa = PBXFileReference; explicitFileType = wrapper.cfbundle; includeInIndex = 0; path = conwaysRulesTests.xctest; sourceTree = BUILT_PRODUCTS_DIR; };
		405BC0491BECFFEE005315A1 /* conwaysRulesTests.swift */ = {isa = PBXFileReference; lastKnownFileType = sourcecode.swift; path = conwaysRulesTests.swift; sourceTree = "<group>"; };
		405BC04B1BECFFEE005315A1 /* Info.plist */ = {isa = PBXFileReference; lastKnownFileType = text.plist.xml; path = Info.plist; sourceTree = "<group>"; };
		405BC0501BECFFEE005315A1 /* conwaysRulesUITests.xctest */ = {isa = PBXFileReference; explicitFileType = wrapper.cfbundle; includeInIndex = 0; path = conwaysRulesUITests.xctest; sourceTree = BUILT_PRODUCTS_DIR; };
		405BC0541BECFFEE005315A1 /* conwaysRulesUITests.swift */ = {isa = PBXFileReference; lastKnownFileType = sourcecode.swift; path = conwaysRulesUITests.swift; sourceTree = "<group>"; };
		405BC0561BECFFEE005315A1 /* Info.plist */ = {isa = PBXFileReference; lastKnownFileType = text.plist.xml; path = Info.plist; sourceTree = "<group>"; };
		405BC0621BED000D005315A1 /* Conway.swift */ = {isa = PBXFileReference; fileEncoding = 4; lastKnownFileType = sourcecode.swift; path = Conway.swift; sourceTree = "<group>"; };
/* End PBXFileReference section */

/* Begin PBXFrameworksBuildPhase section */
		405BC02A1BECFFEE005315A1 /* Frameworks */ = {
			isa = PBXFrameworksBuildPhase;
			buildActionMask = 2147483647;
			files = (
			);
			runOnlyForDeploymentPostprocessing = 0;
		};
		405BC0421BECFFEE005315A1 /* Frameworks */ = {
			isa = PBXFrameworksBuildPhase;
			buildActionMask = 2147483647;
			files = (
			);
			runOnlyForDeploymentPostprocessing = 0;
		};
		405BC04D1BECFFEE005315A1 /* Frameworks */ = {
			isa = PBXFrameworksBuildPhase;
			buildActionMask = 2147483647;
			files = (
			);
			runOnlyForDeploymentPostprocessing = 0;
		};
/* End PBXFrameworksBuildPhase section */

/* Begin PBXGroup section */
		405BC0241BECFFEE005315A1 = {
			isa = PBXGroup;
			children = (
				405BC02F1BECFFEE005315A1 /* conwaysRules */,
				405BC0481BECFFEE005315A1 /* conwaysRulesTests */,
				405BC0531BECFFEE005315A1 /* conwaysRulesUITests */,
				405BC02E1BECFFEE005315A1 /* Products */,
			);
			sourceTree = "<group>";
		};
		405BC02E1BECFFEE005315A1 /* Products */ = {
			isa = PBXGroup;
			children = (
				405BC02D1BECFFEE005315A1 /* conwaysRules.app */,
				405BC0451BECFFEE005315A1 /* conwaysRulesTests.xctest */,
				405BC0501BECFFEE005315A1 /* conwaysRulesUITests.xctest */,
			);
			name = Products;
			sourceTree = "<group>";
		};
		405BC02F1BECFFEE005315A1 /* conwaysRules */ = {
			isa = PBXGroup;
			children = (
				405BC0301BECFFEE005315A1 /* AppDelegate.swift */,
				405BC0321BECFFEE005315A1 /* GameScene.sks */,
				405BC0341BECFFEE005315A1 /* GameScene.swift */,
				405BC0361BECFFEE005315A1 /* GameViewController.swift */,
				405BC0381BECFFEE005315A1 /* Main.storyboard */,
				405BC03B1BECFFEE005315A1 /* Assets.xcassets */,
				405BC03D1BECFFEE005315A1 /* LaunchScreen.storyboard */,
				405BC0401BECFFEE005315A1 /* Info.plist */,
				405BC0621BED000D005315A1 /* Conway.swift */,
			);
			path = conwaysRules;
			sourceTree = "<group>";
		};
		405BC0481BECFFEE005315A1 /* conwaysRulesTests */ = {
			isa = PBXGroup;
			children = (
				405BC0491BECFFEE005315A1 /* conwaysRulesTests.swift */,
				405BC04B1BECFFEE005315A1 /* Info.plist */,
			);
			path = conwaysRulesTests;
			sourceTree = "<group>";
		};
		405BC0531BECFFEE005315A1 /* conwaysRulesUITests */ = {
			isa = PBXGroup;
			children = (
				405BC0541BECFFEE005315A1 /* conwaysRulesUITests.swift */,
				405BC0561BECFFEE005315A1 /* Info.plist */,
			);
			path = conwaysRulesUITests;
			sourceTree = "<group>";
		};
/* End PBXGroup section */

/* Begin PBXNativeTarget section */
		405BC02C1BECFFEE005315A1 /* conwaysRules */ = {
			isa = PBXNativeTarget;
			buildConfigurationList = 405BC0591BECFFEE005315A1 /* Build configuration list for PBXNativeTarget "conwaysRules" */;
			buildPhases = (
				405BC0291BECFFEE005315A1 /* Sources */,
				405BC02A1BECFFEE005315A1 /* Frameworks */,
				405BC02B1BECFFEE005315A1 /* Resources */,
			);
			buildRules = (
			);
			dependencies = (
			);
			name = conwaysRules;
			productName = conwaysRules;
			productReference = 405BC02D1BECFFEE005315A1 /* conwaysRules.app */;
			productType = "com.apple.product-type.application";
		};
		405BC0441BECFFEE005315A1 /* conwaysRulesTests */ = {
			isa = PBXNativeTarget;
			buildConfigurationList = 405BC05C1BECFFEE005315A1 /* Build configuration list for PBXNativeTarget "conwaysRulesTests" */;
			buildPhases = (
				405BC0411BECFFEE005315A1 /* Sources */,
				405BC0421BECFFEE005315A1 /* Frameworks */,
				405BC0431BECFFEE005315A1 /* Resources */,
			);
			buildRules = (
			);
			dependencies = (
				405BC0471BECFFEE005315A1 /* PBXTargetDependency */,
			);
			name = conwaysRulesTests;
			productName = conwaysRulesTests;
			productReference = 405BC0451BECFFEE005315A1 /* conwaysRulesTests.xctest */;
			productType = "com.apple.product-type.bundle.unit-test";
		};
		405BC04F1BECFFEE005315A1 /* conwaysRulesUITests */ = {
			isa = PBXNativeTarget;
			buildConfigurationList = 405BC05F1BECFFEE005315A1 /* Build configuration list for PBXNativeTarget "conwaysRulesUITests" */;
			buildPhases = (
				405BC04C1BECFFEE005315A1 /* Sources */,
				405BC04D1BECFFEE005315A1 /* Frameworks */,
				405BC04E1BECFFEE005315A1 /* Resources */,
			);
			buildRules = (
			);
			dependencies = (
				405BC0521BECFFEE005315A1 /* PBXTargetDependency */,
			);
			name = conwaysRulesUITests;
			productName = conwaysRulesUITests;
			productReference = 405BC0501BECFFEE005315A1 /* conwaysRulesUITests.xctest */;
			productType = "com.apple.product-type.bundle.ui-testing";
		};
/* End PBXNativeTarget section */

/* Begin PBXProject section */
		405BC0251BECFFEE005315A1 /* Project object */ = {
			isa = PBXProject;
			attributes = {
				LastSwiftUpdateCheck = 0710;
				LastUpgradeCheck = 0710;
				ORGANIZATIONNAME = "Josh Smith";
				TargetAttributes = {
					405BC02C1BECFFEE005315A1 = {
						CreatedOnToolsVersion = 7.1;
					};
					405BC0441BECFFEE005315A1 = {
						CreatedOnToolsVersion = 7.1;
						TestTargetID = 405BC02C1BECFFEE005315A1;
					};
					405BC04F1BECFFEE005315A1 = {
						CreatedOnToolsVersion = 7.1;
						TestTargetID = 405BC02C1BECFFEE005315A1;
					};
				};
			};
			buildConfigurationList = 405BC0281BECFFEE005315A1 /* Build configuration list for PBXProject "conwaysRules" */;
			compatibilityVersion = "Xcode 3.2";
			developmentRegion = English;
			hasScannedForEncodings = 0;
			knownRegions = (
				en,
				Base,
			);
			mainGroup = 405BC0241BECFFEE005315A1;
			productRefGroup = 405BC02E1BECFFEE005315A1 /* Products */;
			projectDirPath = "";
			projectRoot = "";
			targets = (
				405BC02C1BECFFEE005315A1 /* conwaysRules */,
				405BC0441BECFFEE005315A1 /* conwaysRulesTests */,
				405BC04F1BECFFEE005315A1 /* conwaysRulesUITests */,
			);
		};
/* End PBXProject section */

/* Begin PBXResourcesBuildPhase section */
		405BC02B1BECFFEE005315A1 /* Resources */ = {
			isa = PBXResourcesBuildPhase;
			buildActionMask = 2147483647;
			files = (
				405BC0331BECFFEE005315A1 /* GameScene.sks in Resources */,
				405BC03F1BECFFEE005315A1 /* LaunchScreen.storyboard in Resources */,
				405BC03C1BECFFEE005315A1 /* Assets.xcassets in Resources */,
				405BC03A1BECFFEE005315A1 /* Main.storyboard in Resources */,
			);
			runOnlyForDeploymentPostprocessing = 0;
		};
		405BC0431BECFFEE005315A1 /* Resources */ = {
			isa = PBXResourcesBuildPhase;
			buildActionMask = 2147483647;
			files = (
			);
			runOnlyForDeploymentPostprocessing = 0;
		};
		405BC04E1BECFFEE005315A1 /* Resources */ = {
			isa = PBXResourcesBuildPhase;
			buildActionMask = 2147483647;
			files = (
			);
			runOnlyForDeploymentPostprocessing = 0;
		};
/* End PBXResourcesBuildPhase section */

/* Begin PBXSourcesBuildPhase section */
		405BC0291BECFFEE005315A1 /* Sources */ = {
			isa = PBXSourcesBuildPhase;
			buildActionMask = 2147483647;
			files = (
				405BC0631BED000D005315A1 /* Conway.swift in Sources */,
				405BC0351BECFFEE005315A1 /* GameScene.swift in Sources */,
				405BC0371BECFFEE005315A1 /* GameViewController.swift in Sources */,
				405BC0311BECFFEE005315A1 /* AppDelegate.swift in Sources */,
			);
			runOnlyForDeploymentPostprocessing = 0;
		};
		405BC0411BECFFEE005315A1 /* Sources */ = {
			isa = PBXSourcesBuildPhase;
			buildActionMask = 2147483647;
			files = (
				405BC04A1BECFFEE005315A1 /* conwaysRulesTests.swift in Sources */,
			);
			runOnlyForDeploymentPostprocessing = 0;
		};
		405BC04C1BECFFEE005315A1 /* Sources */ = {
			isa = PBXSourcesBuildPhase;
			buildActionMask = 2147483647;
			files = (
				405BC0551BECFFEE005315A1 /* conwaysRulesUITests.swift in Sources */,
			);
			runOnlyForDeploymentPostprocessing = 0;
		};
/* End PBXSourcesBuildPhase section */

/* Begin PBXTargetDependency section */
		405BC0471BECFFEE005315A1 /* PBXTargetDependency */ = {
			isa = PBXTargetDependency;
			target = 405BC02C1BECFFEE005315A1 /* conwaysRules */;
			targetProxy = 405BC0461BECFFEE005315A1 /* PBXContainerItemProxy */;
		};
		405BC0521BECFFEE005315A1 /* PBXTargetDependency */ = {
			isa = PBXTargetDependency;
			target = 405BC02C1BECFFEE005315A1 /* conwaysRules */;
			targetProxy = 405BC0511BECFFEE005315A1 /* PBXContainerItemProxy */;
		};
/* End PBXTargetDependency section */

/* Begin PBXVariantGroup section */
		405BC0381BECFFEE005315A1 /* Main.storyboard */ = {
			isa = PBXVariantGroup;
			children = (
				405BC0391BECFFEE005315A1 /* Base */,
			);
			name = Main.storyboard;
			sourceTree = "<group>";
		};
		405BC03D1BECFFEE005315A1 /* LaunchScreen.storyboard */ = {
			isa = PBXVariantGroup;
			children = (
				405BC03E1BECFFEE005315A1 /* Base */,
			);
			name = LaunchScreen.storyboard;
			sourceTree = "<group>";
		};
/* End PBXVariantGroup section */

/* Begin XCBuildConfiguration section */
		405BC0571BECFFEE005315A1 /* Debug */ = {
			isa = XCBuildConfiguration;
			buildSettings = {
				ALWAYS_SEARCH_USER_PATHS = NO;
				CLANG_CXX_LANGUAGE_STANDARD = "gnu++0x";
				CLANG_CXX_LIBRARY = "libc++";
				CLANG_ENABLE_MODULES = YES;
				CLANG_ENABLE_OBJC_ARC = YES;
				CLANG_WARN_BOOL_CONVERSION = YES;
				CLANG_WARN_CONSTANT_CONVERSION = YES;
				CLANG_WARN_DIRECT_OBJC_ISA_USAGE = YES_ERROR;
				CLANG_WARN_EMPTY_BODY = YES;
				CLANG_WARN_ENUM_CONVERSION = YES;
				CLANG_WARN_INT_CONVERSION = YES;
				CLANG_WARN_OBJC_ROOT_CLASS = YES_ERROR;
				CLANG_WARN_UNREACHABLE_CODE = YES;
				CLANG_WARN__DUPLICATE_METHOD_MATCH = YES;
				"CODE_SIGN_IDENTITY[sdk=iphoneos*]" = "iPhone Developer";
				COPY_PHASE_STRIP = NO;
				DEBUG_INFORMATION_FORMAT = "dwarf-with-dsym";
				ENABLE_STRICT_OBJC_MSGSEND = YES;
				ENABLE_TESTABILITY = YES;
				GCC_C_LANGUAGE_STANDARD = gnu99;
				GCC_DYNAMIC_NO_PIC = NO;
				GCC_NO_COMMON_BLOCKS = YES;
				GCC_OPTIMIZATION_LEVEL = 0;
				GCC_PREPROCESSOR_DEFINITIONS = (
					"DEBUG=1",
					"$(inherited)",
				);
				GCC_WARN_64_TO_32_BIT_CONVERSION = YES;
				GCC_WARN_ABOUT_RETURN_TYPE = YES_ERROR;
				GCC_WARN_UNDECLARED_SELECTOR = YES;
				GCC_WARN_UNINITIALIZED_AUTOS = YES_AGGRESSIVE;
				GCC_WARN_UNUSED_FUNCTION = YES;
				GCC_WARN_UNUSED_VARIABLE = YES;
				IPHONEOS_DEPLOYMENT_TARGET = 9.1;
				MTL_ENABLE_DEBUG_INFO = YES;
				ONLY_ACTIVE_ARCH = YES;
				SDKROOT = iphoneos;
				SWIFT_OPTIMIZATION_LEVEL = "-Onone";
				TARGETED_DEVICE_FAMILY = "1,2";
			};
			name = Debug;
		};
		405BC0581BECFFEE005315A1 /* Release */ = {
			isa = XCBuildConfiguration;
			buildSettings = {
				ALWAYS_SEARCH_USER_PATHS = NO;
				CLANG_CXX_LANGUAGE_STANDARD = "gnu++0x";
				CLANG_CXX_LIBRARY = "libc++";
				CLANG_ENABLE_MODULES = YES;
				CLANG_ENABLE_OBJC_ARC = YES;
				CLANG_WARN_BOOL_CONVERSION = YES;
				CLANG_WARN_CONSTANT_CONVERSION = YES;
				CLANG_WARN_DIRECT_OBJC_ISA_USAGE = YES_ERROR;
				CLANG_WARN_EMPTY_BODY = YES;
				CLANG_WARN_ENUM_CONVERSION = YES;
				CLANG_WARN_INT_CONVERSION = YES;
				CLANG_WARN_OBJC_ROOT_CLASS = YES_ERROR;
				CLANG_WARN_UNREACHABLE_CODE = YES;
				CLANG_WARN__DUPLICATE_METHOD_MATCH = YES;
				"CODE_SIGN_IDENTITY[sdk=iphoneos*]" = "iPhone Developer";
				COPY_PHASE_STRIP = NO;
				DEBUG_INFORMATION_FORMAT = "dwarf-with-dsym";
				ENABLE_NS_ASSERTIONS = NO;
				ENABLE_STRICT_OBJC_MSGSEND = YES;
				GCC_C_LANGUAGE_STANDARD = gnu99;
				GCC_NO_COMMON_BLOCKS = YES;
				GCC_WARN_64_TO_32_BIT_CONVERSION = YES;
				GCC_WARN_ABOUT_RETURN_TYPE = YES_ERROR;
				GCC_WARN_UNDECLARED_SELECTOR = YES;
				GCC_WARN_UNINITIALIZED_AUTOS = YES_AGGRESSIVE;
				GCC_WARN_UNUSED_FUNCTION = YES;
				GCC_WARN_UNUSED_VARIABLE = YES;
				IPHONEOS_DEPLOYMENT_TARGET = 9.1;
				MTL_ENABLE_DEBUG_INFO = NO;
				SDKROOT = iphoneos;
				TARGETED_DEVICE_FAMILY = "1,2";
				VALIDATE_PRODUCT = YES;
			};
			name = Release;
		};
		405BC05A1BECFFEE005315A1 /* Debug */ = {
			isa = XCBuildConfiguration;
			buildSettings = {
				ASSETCATALOG_COMPILER_APPICON_NAME = AppIcon;
				INFOPLIST_FILE = conwaysRules/Info.plist;
				LD_RUNPATH_SEARCH_PATHS = "$(inherited) @executable_path/Frameworks";
				PRODUCT_BUNDLE_IDENTIFIER = com.cocoaconf.conwaysRules;
				PRODUCT_NAME = "$(TARGET_NAME)";
			};
			name = Debug;
		};
		405BC05B1BECFFEE005315A1 /* Release */ = {
			isa = XCBuildConfiguration;
			buildSettings = {
				ASSETCATALOG_COMPILER_APPICON_NAME = AppIcon;
				INFOPLIST_FILE = conwaysRules/Info.plist;
				LD_RUNPATH_SEARCH_PATHS = "$(inherited) @executable_path/Frameworks";
				PRODUCT_BUNDLE_IDENTIFIER = com.cocoaconf.conwaysRules;
				PRODUCT_NAME = "$(TARGET_NAME)";
			};
			name = Release;
		};
		405BC05D1BECFFEE005315A1 /* Debug */ = {
			isa = XCBuildConfiguration;
			buildSettings = {
				BUNDLE_LOADER = "$(TEST_HOST)";
				DEBUG_INFORMATION_FORMAT = dwarf;
				INFOPLIST_FILE = conwaysRulesTests/Info.plist;
				LD_RUNPATH_SEARCH_PATHS = "$(inherited) @executable_path/Frameworks @loader_path/Frameworks";
				PRODUCT_BUNDLE_IDENTIFIER = com.cocoaconf.conwaysRulesTests;
				PRODUCT_NAME = "$(TARGET_NAME)";
				TEST_HOST = "$(BUILT_PRODUCTS_DIR)/conwaysRules.app/conwaysRules";
			};
			name = Debug;
		};
		405BC05E1BECFFEE005315A1 /* Release */ = {
			isa = XCBuildConfiguration;
			buildSettings = {
				BUNDLE_LOADER = "$(TEST_HOST)";
				INFOPLIST_FILE = conwaysRulesTests/Info.plist;
				LD_RUNPATH_SEARCH_PATHS = "$(inherited) @executable_path/Frameworks @loader_path/Frameworks";
				PRODUCT_BUNDLE_IDENTIFIER = com.cocoaconf.conwaysRulesTests;
				PRODUCT_NAME = "$(TARGET_NAME)";
				TEST_HOST = "$(BUILT_PRODUCTS_DIR)/conwaysRules.app/conwaysRules";
			};
			name = Release;
		};
		405BC0601BECFFEE005315A1 /* Debug */ = {
			isa = XCBuildConfiguration;
			buildSettings = {
				DEBUG_INFORMATION_FORMAT = dwarf;
				INFOPLIST_FILE = conwaysRulesUITests/Info.plist;
				LD_RUNPATH_SEARCH_PATHS = "$(inherited) @executable_path/Frameworks @loader_path/Frameworks";
				PRODUCT_BUNDLE_IDENTIFIER = com.cocoaconf.conwaysRulesUITests;
				PRODUCT_NAME = "$(TARGET_NAME)";
				TEST_TARGET_NAME = conwaysRules;
				USES_XCTRUNNER = YES;
			};
			name = Debug;
		};
		405BC0611BECFFEE005315A1 /* Release */ = {
			isa = XCBuildConfiguration;
			buildSettings = {
				INFOPLIST_FILE = conwaysRulesUITests/Info.plist;
				LD_RUNPATH_SEARCH_PATHS = "$(inherited) @executable_path/Frameworks @loader_path/Frameworks";
				PRODUCT_BUNDLE_IDENTIFIER = com.cocoaconf.conwaysRulesUITests;
				PRODUCT_NAME = "$(TARGET_NAME)";
				TEST_TARGET_NAME = conwaysRules;
				USES_XCTRUNNER = YES;
			};
			name = Release;
		};
/* End XCBuildConfiguration section */

/* Begin XCConfigurationList section */
		405BC0281BECFFEE005315A1 /* Build configuration list for PBXProject "conwaysRules" */ = {
			isa = XCConfigurationList;
			buildConfigurations = (
				405BC0571BECFFEE005315A1 /* Debug */,
				405BC0581BECFFEE005315A1 /* Release */,
			);
			defaultConfigurationIsVisible = 0;
			defaultConfigurationName = Release;
		};
		405BC0591BECFFEE005315A1 /* Build configuration list for PBXNativeTarget "conwaysRules" */ = {
			isa = XCConfigurationList;
			buildConfigurations = (
				405BC05A1BECFFEE005315A1 /* Debug */,
				405BC05B1BECFFEE005315A1 /* Release */,
			);
			defaultConfigurationIsVisible = 0;
		};
		405BC05C1BECFFEE005315A1 /* Build configuration list for PBXNativeTarget "conwaysRulesTests" */ = {
			isa = XCConfigurationList;
			buildConfigurations = (
				405BC05D1BECFFEE005315A1 /* Debug */,
				405BC05E1BECFFEE005315A1 /* Release */,
			);
			defaultConfigurationIsVisible = 0;
		};
		405BC05F1BECFFEE005315A1 /* Build configuration list for PBXNativeTarget "conwaysRulesUITests" */ = {
			isa = XCConfigurationList;
			buildConfigurations = (
				405BC0601BECFFEE005315A1 /* Debug */,
				405BC0611BECFFEE005315A1 /* Release */,
			);
			defaultConfigurationIsVisible = 0;
		};
/* End XCConfigurationList section */
	};
	rootObject = 405BC0251BECFFEE005315A1 /* Project object */;
}
