// !$*UTF8*$!
{
	archiveVersion = 1;
	classes = {
	};
	objectVersion = 46;
	objects = {

/* Begin PBXBuildFile section */
		40340B2419CDEFA400E18342 /* MyDocumentSubclass.m in Sources */ = {isa = PBXBuildFile; fileRef = 40340B2319CDEFA400E18342 /* MyDocumentSubclass.m */; };
		40CEF22F19CD5780004A076C /* main.m in Sources */ = {isa = PBXBuildFile; fileRef = 40CEF22E19CD5780004A076C /* main.m */; };
		40CEF23219CD5780004A076C /* AppDelegate.m in Sources */ = {isa = PBXBuildFile; fileRef = 40CEF23119CD5780004A076C /* AppDelegate.m */; };
		40CEF23519CD5780004A076C /* ViewController.m in Sources */ = {isa = PBXBuildFile; fileRef = 40CEF23419CD5780004A076C /* ViewController.m */; };
		40CEF23819CD5780004A076C /* Main.storyboard in Resources */ = {isa = PBXBuildFile; fileRef = 40CEF23619CD5780004A076C /* Main.storyboard */; };
		40CEF23A19CD5780004A076C /* Images.xcassets in Resources */ = {isa = PBXBuildFile; fileRef = 40CEF23919CD5780004A076C /* Images.xcassets */; };
		40CEF23D19CD5780004A076C /* LaunchScreen.xib in Resources */ = {isa = PBXBuildFile; fileRef = 40CEF23B19CD5780004A076C /* LaunchScreen.xib */; };
		40CEF24919CD5780004A076C /* COCFManagedDocumentTests.m in Sources */ = {isa = PBXBuildFile; fileRef = 40CEF24819CD5780004A076C /* COCFManagedDocumentTests.m */; };
		40CEF25419CD5F30004A076C /* Model.xcdatamodeld in Sources */ = {isa = PBXBuildFile; fileRef = 40CEF25219CD5F30004A076C /* Model.xcdatamodeld */; };
		40CEF25819CDDFD6004A076C /* Attendee.m in Sources */ = {isa = PBXBuildFile; fileRef = 40CEF25719CDDFD6004A076C /* Attendee.m */; };
/* End PBXBuildFile section */

/* Begin PBXContainerItemProxy section */
		40CEF24319CD5780004A076C /* PBXContainerItemProxy */ = {
			isa = PBXContainerItemProxy;
			containerPortal = 40CEF22119CD5780004A076C /* Project object */;
			proxyType = 1;
			remoteGlobalIDString = 40CEF22819CD5780004A076C;
			remoteInfo = COCFManagedDocument;
		};
/* End PBXContainerItemProxy section */

/* Begin PBXFileReference section */
		40340B2219CDEFA400E18342 /* MyDocumentSubclass.h */ = {isa = PBXFileReference; fileEncoding = 4; lastKnownFileType = sourcecode.c.h; path = MyDocumentSubclass.h; sourceTree = "<group>"; };
		40340B2319CDEFA400E18342 /* MyDocumentSubclass.m */ = {isa = PBXFileReference; fileEncoding = 4; lastKnownFileType = sourcecode.c.objc; path = MyDocumentSubclass.m; sourceTree = "<group>"; };
		40CEF22919CD5780004A076C /* COCFManagedDocument.app */ = {isa = PBXFileReference; explicitFileType = wrapper.application; includeInIndex = 0; path = COCFManagedDocument.app; sourceTree = BUILT_PRODUCTS_DIR; };
		40CEF22D19CD5780004A076C /* Info.plist */ = {isa = PBXFileReference; lastKnownFileType = text.plist.xml; path = Info.plist; sourceTree = "<group>"; };
		40CEF22E19CD5780004A076C /* main.m */ = {isa = PBXFileReference; lastKnownFileType = sourcecode.c.objc; path = main.m; sourceTree = "<group>"; };
		40CEF23019CD5780004A076C /* AppDelegate.h */ = {isa = PBXFileReference; lastKnownFileType = sourcecode.c.h; path = AppDelegate.h; sourceTree = "<group>"; };
		40CEF23119CD5780004A076C /* AppDelegate.m */ = {isa = PBXFileReference; lastKnownFileType = sourcecode.c.objc; path = AppDelegate.m; sourceTree = "<group>"; };
		40CEF23319CD5780004A076C /* ViewController.h */ = {isa = PBXFileReference; lastKnownFileType = sourcecode.c.h; path = ViewController.h; sourceTree = "<group>"; };
		40CEF23419CD5780004A076C /* ViewController.m */ = {isa = PBXFileReference; lastKnownFileType = sourcecode.c.objc; path = ViewController.m; sourceTree = "<group>"; };
		40CEF23719CD5780004A076C /* Base */ = {isa = PBXFileReference; lastKnownFileType = file.storyboard; name = Base; path = Base.lproj/Main.storyboard; sourceTree = "<group>"; };
		40CEF23919CD5780004A076C /* Images.xcassets */ = {isa = PBXFileReference; lastKnownFileType = folder.assetcatalog; path = Images.xcassets; sourceTree = "<group>"; };
		40CEF23C19CD5780004A076C /* Base */ = {isa = PBXFileReference; lastKnownFileType = file.xib; name = Base; path = Base.lproj/LaunchScreen.xib; sourceTree = "<group>"; };
		40CEF24219CD5780004A076C /* COCFManagedDocumentTests.xctest */ = {isa = PBXFileReference; explicitFileType = wrapper.cfbundle; includeInIndex = 0; path = COCFManagedDocumentTests.xctest; sourceTree = BUILT_PRODUCTS_DIR; };
		40CEF24719CD5780004A076C /* Info.plist */ = {isa = PBXFileReference; lastKnownFileType = text.plist.xml; path = Info.plist; sourceTree = "<group>"; };
		40CEF24819CD5780004A076C /* COCFManagedDocumentTests.m */ = {isa = PBXFileReference; lastKnownFileType = sourcecode.c.objc; path = COCFManagedDocumentTests.m; sourceTree = "<group>"; };
		40CEF25319CD5F30004A076C /* Model.xcdatamodel */ = {isa = PBXFileReference; lastKnownFileType = wrapper.xcdatamodel; path = Model.xcdatamodel; sourceTree = "<group>"; };
		40CEF25519CD617F004A076C /* COCFManagedDocument.entitlements */ = {isa = PBXFileReference; lastKnownFileType = text.xml; path = COCFManagedDocument.entitlements; sourceTree = "<group>"; };
		40CEF25619CDDFD6004A076C /* Attendee.h */ = {isa = PBXFileReference; fileEncoding = 4; lastKnownFileType = sourcecode.c.h; path = Attendee.h; sourceTree = "<group>"; };
		40CEF25719CDDFD6004A076C /* Attendee.m */ = {isa = PBXFileReference; fileEncoding = 4; lastKnownFileType = sourcecode.c.objc; path = Attendee.m; sourceTree = "<group>"; };
/* End PBXFileReference section */

/* Begin PBXFrameworksBuildPhase section */
		40CEF22619CD5780004A076C /* Frameworks */ = {
			isa = PBXFrameworksBuildPhase;
			buildActionMask = 2147483647;
			files = (
			);
			runOnlyForDeploymentPostprocessing = 0;
		};
		40CEF23F19CD5780004A076C /* Frameworks */ = {
			isa = PBXFrameworksBuildPhase;
			buildActionMask = 2147483647;
			files = (
			);
			runOnlyForDeploymentPostprocessing = 0;
		};
/* End PBXFrameworksBuildPhase section */

/* Begin PBXGroup section */
		40CEF22019CD5780004A076C = {
			isa = PBXGroup;
			children = (
				40CEF25219CD5F30004A076C /* Model.xcdatamodeld */,
				40CEF25619CDDFD6004A076C /* Attendee.h */,
				40CEF25719CDDFD6004A076C /* Attendee.m */,
				40CEF22B19CD5780004A076C /* COCFManagedDocument */,
				40CEF24519CD5780004A076C /* COCFManagedDocumentTests */,
				40CEF22A19CD5780004A076C /* Products */,
			);
			sourceTree = "<group>";
		};
		40CEF22A19CD5780004A076C /* Products */ = {
			isa = PBXGroup;
			children = (
				40CEF22919CD5780004A076C /* COCFManagedDocument.app */,
				40CEF24219CD5780004A076C /* COCFManagedDocumentTests.xctest */,
			);
			name = Products;
			sourceTree = "<group>";
		};
		40CEF22B19CD5780004A076C /* COCFManagedDocument */ = {
			isa = PBXGroup;
			children = (
				40CEF25519CD617F004A076C /* COCFManagedDocument.entitlements */,
				40CEF23019CD5780004A076C /* AppDelegate.h */,
				40CEF23119CD5780004A076C /* AppDelegate.m */,
				40CEF23319CD5780004A076C /* ViewController.h */,
				40CEF23419CD5780004A076C /* ViewController.m */,
				40CEF23619CD5780004A076C /* Main.storyboard */,
				40CEF23919CD5780004A076C /* Images.xcassets */,
				40CEF23B19CD5780004A076C /* LaunchScreen.xib */,
				40CEF22C19CD5780004A076C /* Supporting Files */,
				40340B2219CDEFA400E18342 /* MyDocumentSubclass.h */,
				40340B2319CDEFA400E18342 /* MyDocumentSubclass.m */,
			);
			path = COCFManagedDocument;
			sourceTree = "<group>";
		};
		40CEF22C19CD5780004A076C /* Supporting Files */ = {
			isa = PBXGroup;
			children = (
				40CEF22D19CD5780004A076C /* Info.plist */,
				40CEF22E19CD5780004A076C /* main.m */,
			);
			name = "Supporting Files";
			sourceTree = "<group>";
		};
		40CEF24519CD5780004A076C /* COCFManagedDocumentTests */ = {
			isa = PBXGroup;
			children = (
				40CEF24819CD5780004A076C /* COCFManagedDocumentTests.m */,
				40CEF24619CD5780004A076C /* Supporting Files */,
			);
			path = COCFManagedDocumentTests;
			sourceTree = "<group>";
		};
		40CEF24619CD5780004A076C /* Supporting Files */ = {
			isa = PBXGroup;
			children = (
				40CEF24719CD5780004A076C /* Info.plist */,
			);
			name = "Supporting Files";
			sourceTree = "<group>";
		};
/* End PBXGroup section */

/* Begin PBXNativeTarget section */
		40CEF22819CD5780004A076C /* COCFManagedDocument */ = {
			isa = PBXNativeTarget;
			buildConfigurationList = 40CEF24C19CD5780004A076C /* Build configuration list for PBXNativeTarget "COCFManagedDocument" */;
			buildPhases = (
				40CEF22519CD5780004A076C /* Sources */,
				40CEF22619CD5780004A076C /* Frameworks */,
				40CEF22719CD5780004A076C /* Resources */,
			);
			buildRules = (
			);
			dependencies = (
			);
			name = COCFManagedDocument;
			productName = COCFManagedDocument;
			productReference = 40CEF22919CD5780004A076C /* COCFManagedDocument.app */;
			productType = "com.apple.product-type.application";
		};
		40CEF24119CD5780004A076C /* COCFManagedDocumentTests */ = {
			isa = PBXNativeTarget;
			buildConfigurationList = 40CEF24F19CD5780004A076C /* Build configuration list for PBXNativeTarget "COCFManagedDocumentTests" */;
			buildPhases = (
				40CEF23E19CD5780004A076C /* Sources */,
				40CEF23F19CD5780004A076C /* Frameworks */,
				40CEF24019CD5780004A076C /* Resources */,
			);
			buildRules = (
			);
			dependencies = (
				40CEF24419CD5780004A076C /* PBXTargetDependency */,
			);
			name = COCFManagedDocumentTests;
			productName = COCFManagedDocumentTests;
			productReference = 40CEF24219CD5780004A076C /* COCFManagedDocumentTests.xctest */;
			productType = "com.apple.product-type.bundle.unit-test";
		};
/* End PBXNativeTarget section */

/* Begin PBXProject section */
		40CEF22119CD5780004A076C /* Project object */ = {
			isa = PBXProject;
			attributes = {
				LastUpgradeCheck = 0600;
				ORGANIZATIONNAME = "Josh Smith";
				TargetAttributes = {
					40CEF22819CD5780004A076C = {
						CreatedOnToolsVersion = 6.0.1;
						DevelopmentTeam = 8RNJ3NH8K7;
						SystemCapabilities = {
							com.apple.iCloud = {
								enabled = 1;
							};
						};
					};
					40CEF24119CD5780004A076C = {
						CreatedOnToolsVersion = 6.0.1;
						TestTargetID = 40CEF22819CD5780004A076C;
					};
				};
			};
			buildConfigurationList = 40CEF22419CD5780004A076C /* Build configuration list for PBXProject "COCFManagedDocument" */;
			compatibilityVersion = "Xcode 3.2";
			developmentRegion = English;
			hasScannedForEncodings = 0;
			knownRegions = (
				en,
				Base,
			);
			mainGroup = 40CEF22019CD5780004A076C;
			productRefGroup = 40CEF22A19CD5780004A076C /* Products */;
			projectDirPath = "";
			projectRoot = "";
			targets = (
				40CEF22819CD5780004A076C /* COCFManagedDocument */,
				40CEF24119CD5780004A076C /* COCFManagedDocumentTests */,
			);
		};
/* End PBXProject section */

/* Begin PBXResourcesBuildPhase section */
		40CEF22719CD5780004A076C /* Resources */ = {
			isa = PBXResourcesBuildPhase;
			buildActionMask = 2147483647;
			files = (
				40CEF23819CD5780004A076C /* Main.storyboard in Resources */,
				40CEF23D19CD5780004A076C /* LaunchScreen.xib in Resources */,
				40CEF23A19CD5780004A076C /* Images.xcassets in Resources */,
			);
			runOnlyForDeploymentPostprocessing = 0;
		};
		40CEF24019CD5780004A076C /* Resources */ = {
			isa = PBXResourcesBuildPhase;
			buildActionMask = 2147483647;
			files = (
			);
			runOnlyForDeploymentPostprocessing = 0;
		};
/* End PBXResourcesBuildPhase section */

/* Begin PBXSourcesBuildPhase section */
		40CEF22519CD5780004A076C /* Sources */ = {
			isa = PBXSourcesBuildPhase;
			buildActionMask = 2147483647;
			files = (
				40CEF23519CD5780004A076C /* ViewController.m in Sources */,
				40CEF25819CDDFD6004A076C /* Attendee.m in Sources */,
				40340B2419CDEFA400E18342 /* MyDocumentSubclass.m in Sources */,
				40CEF23219CD5780004A076C /* AppDelegate.m in Sources */,
				40CEF22F19CD5780004A076C /* main.m in Sources */,
				40CEF25419CD5F30004A076C /* Model.xcdatamodeld in Sources */,
			);
			runOnlyForDeploymentPostprocessing = 0;
		};
		40CEF23E19CD5780004A076C /* Sources */ = {
			isa = PBXSourcesBuildPhase;
			buildActionMask = 2147483647;
			files = (
				40CEF24919CD5780004A076C /* COCFManagedDocumentTests.m in Sources */,
			);
			runOnlyForDeploymentPostprocessing = 0;
		};
/* End PBXSourcesBuildPhase section */

/* Begin PBXTargetDependency section */
		40CEF24419CD5780004A076C /* PBXTargetDependency */ = {
			isa = PBXTargetDependency;
			target = 40CEF22819CD5780004A076C /* COCFManagedDocument */;
			targetProxy = 40CEF24319CD5780004A076C /* PBXContainerItemProxy */;
		};
/* End PBXTargetDependency section */

/* Begin PBXVariantGroup section */
		40CEF23619CD5780004A076C /* Main.storyboard */ = {
			isa = PBXVariantGroup;
			children = (
				40CEF23719CD5780004A076C /* Base */,
			);
			name = Main.storyboard;
			sourceTree = "<group>";
		};
		40CEF23B19CD5780004A076C /* LaunchScreen.xib */ = {
			isa = PBXVariantGroup;
			children = (
				40CEF23C19CD5780004A076C /* Base */,
			);
			name = LaunchScreen.xib;
			sourceTree = "<group>";
		};
/* End PBXVariantGroup section */

/* Begin XCBuildConfiguration section */
		40CEF24A19CD5780004A076C /* Debug */ = {
			isa = XCBuildConfiguration;
			buildSettings = {
				ALWAYS_SEARCH_USER_PATHS = NO;
				CLANG_CXX_LANGUAGE_STANDARD = "gnu++0x";
				CLANG_CXX_LIBRARY = "libc++";
				CLANG_ENABLE_MODULES = YES;
				CLANG_ENABLE_OBJC_ARC = YES;
				CLANG_WARN_BOOL_CONVERSION = YES;
				CLANG_WARN_CONSTANT_CONVERSION = YES;
				CLANG_WARN_DIRECT_OBJC_ISA_USAGE = YES_ERROR;
				CLANG_WARN_EMPTY_BODY = YES;
				CLANG_WARN_ENUM_CONVERSION = YES;
				CLANG_WARN_INT_CONVERSION = YES;
				CLANG_WARN_OBJC_ROOT_CLASS = YES_ERROR;
				CLANG_WARN_UNREACHABLE_CODE = YES;
				CLANG_WARN__DUPLICATE_METHOD_MATCH = YES;
				"CODE_SIGN_IDENTITY[sdk=iphoneos*]" = "iPhone Developer";
				COPY_PHASE_STRIP = NO;
				ENABLE_STRICT_OBJC_MSGSEND = YES;
				GCC_C_LANGUAGE_STANDARD = gnu99;
				GCC_DYNAMIC_NO_PIC = NO;
				GCC_OPTIMIZATION_LEVEL = 0;
				GCC_PREPROCESSOR_DEFINITIONS = (
					"DEBUG=1",
					"$(inherited)",
				);
				GCC_SYMBOLS_PRIVATE_EXTERN = NO;
				GCC_WARN_64_TO_32_BIT_CONVERSION = YES;
				GCC_WARN_ABOUT_RETURN_TYPE = YES_ERROR;
				GCC_WARN_UNDECLARED_SELECTOR = YES;
				GCC_WARN_UNINITIALIZED_AUTOS = YES_AGGRESSIVE;
				GCC_WARN_UNUSED_FUNCTION = YES;
				GCC_WARN_UNUSED_VARIABLE = YES;
				IPHONEOS_DEPLOYMENT_TARGET = 8.0;
				MTL_ENABLE_DEBUG_INFO = YES;
				ONLY_ACTIVE_ARCH = YES;
				SDKROOT = iphoneos;
			};
			name = Debug;
		};
		40CEF24B19CD5780004A076C /* Release */ = {
			isa = XCBuildConfiguration;
			buildSettings = {
				ALWAYS_SEARCH_USER_PATHS = NO;
				CLANG_CXX_LANGUAGE_STANDARD = "gnu++0x";
				CLANG_CXX_LIBRARY = "libc++";
				CLANG_ENABLE_MODULES = YES;
				CLANG_ENABLE_OBJC_ARC = YES;
				CLANG_WARN_BOOL_CONVERSION = YES;
				CLANG_WARN_CONSTANT_CONVERSION = YES;
				CLANG_WARN_DIRECT_OBJC_ISA_USAGE = YES_ERROR;
				CLANG_WARN_EMPTY_BODY = YES;
				CLANG_WARN_ENUM_CONVERSION = YES;
				CLANG_WARN_INT_CONVERSION = YES;
				CLANG_WARN_OBJC_ROOT_CLASS = YES_ERROR;
				CLANG_WARN_UNREACHABLE_CODE = YES;
				CLANG_WARN__DUPLICATE_METHOD_MATCH = YES;
				"CODE_SIGN_IDENTITY[sdk=iphoneos*]" = "iPhone Developer";
				COPY_PHASE_STRIP = YES;
				ENABLE_NS_ASSERTIONS = NO;
				ENABLE_STRICT_OBJC_MSGSEND = YES;
				GCC_C_LANGUAGE_STANDARD = gnu99;
				GCC_WARN_64_TO_32_BIT_CONVERSION = YES;
				GCC_WARN_ABOUT_RETURN_TYPE = YES_ERROR;
				GCC_WARN_UNDECLARED_SELECTOR = YES;
				GCC_WARN_UNINITIALIZED_AUTOS = YES_AGGRESSIVE;
				GCC_WARN_UNUSED_FUNCTION = YES;
				GCC_WARN_UNUSED_VARIABLE = YES;
				IPHONEOS_DEPLOYMENT_TARGET = 8.0;
				MTL_ENABLE_DEBUG_INFO = NO;
				SDKROOT = iphoneos;
				VALIDATE_PRODUCT = YES;
			};
			name = Release;
		};
		40CEF24D19CD5780004A076C /* Debug */ = {
			isa = XCBuildConfiguration;
			buildSettings = {
				ASSETCATALOG_COMPILER_APPICON_NAME = AppIcon;
				CODE_SIGN_ENTITLEMENTS = COCFManagedDocument/COCFManagedDocument.entitlements;
				CODE_SIGN_IDENTITY = "iPhone Developer";
				"CODE_SIGN_IDENTITY[sdk=iphoneos*]" = "iPhone Developer";
				INFOPLIST_FILE = COCFManagedDocument/Info.plist;
				LD_RUNPATH_SEARCH_PATHS = "$(inherited) @executable_path/Frameworks";
				PRODUCT_NAME = "$(TARGET_NAME)";
				PROVISIONING_PROFILE = "";
			};
			name = Debug;
		};
		40CEF24E19CD5780004A076C /* Release */ = {
			isa = XCBuildConfiguration;
			buildSettings = {
				ASSETCATALOG_COMPILER_APPICON_NAME = AppIcon;
				CODE_SIGN_ENTITLEMENTS = COCFManagedDocument/COCFManagedDocument.entitlements;
				CODE_SIGN_IDENTITY = "iPhone Developer";
				"CODE_SIGN_IDENTITY[sdk=iphoneos*]" = "iPhone Developer";
				INFOPLIST_FILE = COCFManagedDocument/Info.plist;
				LD_RUNPATH_SEARCH_PATHS = "$(inherited) @executable_path/Frameworks";
				PRODUCT_NAME = "$(TARGET_NAME)";
				PROVISIONING_PROFILE = "";
			};
			name = Release;
		};
		40CEF25019CD5780004A076C /* Debug */ = {
			isa = XCBuildConfiguration;
			buildSettings = {
				BUNDLE_LOADER = "$(TEST_HOST)";
				FRAMEWORK_SEARCH_PATHS = (
					"$(SDKROOT)/Developer/Library/Frameworks",
					"$(inherited)",
				);
				GCC_PREPROCESSOR_DEFINITIONS = (
					"DEBUG=1",
					"$(inherited)",
				);
				INFOPLIST_FILE = COCFManagedDocumentTests/Info.plist;
				LD_RUNPATH_SEARCH_PATHS = "$(inherited) @executable_path/Frameworks @loader_path/Frameworks";
				PRODUCT_NAME = "$(TARGET_NAME)";
				TEST_HOST = "$(BUILT_PRODUCTS_DIR)/COCFManagedDocument.app/COCFManagedDocument";
			};
			name = Debug;
		};
		40CEF25119CD5780004A076C /* Release */ = {
			isa = XCBuildConfiguration;
			buildSettings = {
				BUNDLE_LOADER = "$(TEST_HOST)";
				FRAMEWORK_SEARCH_PATHS = (
					"$(SDKROOT)/Developer/Library/Frameworks",
					"$(inherited)",
				);
				INFOPLIST_FILE = COCFManagedDocumentTests/Info.plist;
				LD_RUNPATH_SEARCH_PATHS = "$(inherited) @executable_path/Frameworks @loader_path/Frameworks";
				PRODUCT_NAME = "$(TARGET_NAME)";
				TEST_HOST = "$(BUILT_PRODUCTS_DIR)/COCFManagedDocument.app/COCFManagedDocument";
			};
			name = Release;
		};
/* End XCBuildConfiguration section */

/* Begin XCConfigurationList section */
		40CEF22419CD5780004A076C /* Build configuration list for PBXProject "COCFManagedDocument" */ = {
			isa = XCConfigurationList;
			buildConfigurations = (
				40CEF24A19CD5780004A076C /* Debug */,
				40CEF24B19CD5780004A076C /* Release */,
			);
			defaultConfigurationIsVisible = 0;
			defaultConfigurationName = Release;
		};
		40CEF24C19CD5780004A076C /* Build configuration list for PBXNativeTarget "COCFManagedDocument" */ = {
			isa = XCConfigurationList;
			buildConfigurations = (
				40CEF24D19CD5780004A076C /* Debug */,
				40CEF24E19CD5780004A076C /* Release */,
			);
			defaultConfigurationIsVisible = 0;
			defaultConfigurationName = Release;
		};
		40CEF24F19CD5780004A076C /* Build configuration list for PBXNativeTarget "COCFManagedDocumentTests" */ = {
			isa = XCConfigurationList;
			buildConfigurations = (
				40CEF25019CD5780004A076C /* Debug */,
				40CEF25119CD5780004A076C /* Release */,
			);
			defaultConfigurationIsVisible = 0;
			defaultConfigurationName = Release;
		};
/* End XCConfigurationList section */

/* Begin XCVersionGroup section */
		40CEF25219CD5F30004A076C /* Model.xcdatamodeld */ = {
			isa = XCVersionGroup;
			children = (
				40CEF25319CD5F30004A076C /* Model.xcdatamodel */,
			);
			currentVersion = 40CEF25319CD5F30004A076C /* Model.xcdatamodel */;
			path = Model.xcdatamodeld;
			sourceTree = "<group>";
			versionGroupType = wrapper.xcdatamodel;
		};
/* End XCVersionGroup section */
	};
	rootObject = 40CEF22119CD5780004A076C /* Project object */;
}
