// !$*UTF8*$!
{
	archiveVersion = 1;
	classes = {
	};
	objectVersion = 46;
	objects = {

/* Begin PBXBuildFile section */
		40E3A295199C57DE00D90813 /* AppDelegate.swift in Sources */ = {isa = PBXBuildFile; fileRef = 40E3A294199C57DE00D90813 /* AppDelegate.swift */; };
		40E3A297199C57DE00D90813 /* GameScene.sks in Resources */ = {isa = PBXBuildFile; fileRef = 40E3A296199C57DE00D90813 /* GameScene.sks */; };
		40E3A299199C57DE00D90813 /* GameScene.swift in Sources */ = {isa = PBXBuildFile; fileRef = 40E3A298199C57DE00D90813 /* GameScene.swift */; };
		40E3A29B199C57DE00D90813 /* GameViewController.swift in Sources */ = {isa = PBXBuildFile; fileRef = 40E3A29A199C57DE00D90813 /* GameViewController.swift */; };
		40E3A29E199C57DE00D90813 /* Main.storyboard in Resources */ = {isa = PBXBuildFile; fileRef = 40E3A29C199C57DE00D90813 /* Main.storyboard */; };
		40E3A2A0199C57DE00D90813 /* Images.xcassets in Resources */ = {isa = PBXBuildFile; fileRef = 40E3A29F199C57DE00D90813 /* Images.xcassets */; };
		40E3A2AC199C57DE00D90813 /* SpaceShipGuitarTests.swift in Sources */ = {isa = PBXBuildFile; fileRef = 40E3A2AB199C57DE00D90813 /* SpaceShipGuitarTests.swift */; };
		40E3A2BF199CE4E900D90813 /* tone_eight.m4a in Resources */ = {isa = PBXBuildFile; fileRef = 40E3A2B5199CE4E900D90813 /* tone_eight.m4a */; };
		40E3A2C0199CE4E900D90813 /* tone_five.m4a in Resources */ = {isa = PBXBuildFile; fileRef = 40E3A2B6199CE4E900D90813 /* tone_five.m4a */; };
		40E3A2C1199CE4E900D90813 /* tone_four.m4a in Resources */ = {isa = PBXBuildFile; fileRef = 40E3A2B7199CE4E900D90813 /* tone_four.m4a */; };
		40E3A2C2199CE4E900D90813 /* tone_nine.m4a in Resources */ = {isa = PBXBuildFile; fileRef = 40E3A2B8199CE4E900D90813 /* tone_nine.m4a */; };
		40E3A2C3199CE4E900D90813 /* tone_one.m4a in Resources */ = {isa = PBXBuildFile; fileRef = 40E3A2B9199CE4E900D90813 /* tone_one.m4a */; };
		40E3A2C4199CE4E900D90813 /* tone_seven.m4a in Resources */ = {isa = PBXBuildFile; fileRef = 40E3A2BA199CE4E900D90813 /* tone_seven.m4a */; };
		40E3A2C5199CE4E900D90813 /* tone_six.m4a in Resources */ = {isa = PBXBuildFile; fileRef = 40E3A2BB199CE4E900D90813 /* tone_six.m4a */; };
		40E3A2C6199CE4E900D90813 /* tone_ten.m4a in Resources */ = {isa = PBXBuildFile; fileRef = 40E3A2BC199CE4E900D90813 /* tone_ten.m4a */; };
		40E3A2C7199CE4E900D90813 /* tone_three.m4a in Resources */ = {isa = PBXBuildFile; fileRef = 40E3A2BD199CE4E900D90813 /* tone_three.m4a */; };
		40E3A2C8199CE4E900D90813 /* tone_two.m4a in Resources */ = {isa = PBXBuildFile; fileRef = 40E3A2BE199CE4E900D90813 /* tone_two.m4a */; };
/* End PBXBuildFile section */

/* Begin PBXContainerItemProxy section */
		40E3A2A6199C57DE00D90813 /* PBXContainerItemProxy */ = {
			isa = PBXContainerItemProxy;
			containerPortal = 40E3A287199C57DE00D90813 /* Project object */;
			proxyType = 1;
			remoteGlobalIDString = 40E3A28E199C57DE00D90813;
			remoteInfo = SpaceShipGuitar;
		};
/* End PBXContainerItemProxy section */

/* Begin PBXFileReference section */
		40E3A28F199C57DE00D90813 /* SpaceShipGuitar.app */ = {isa = PBXFileReference; explicitFileType = wrapper.application; includeInIndex = 0; path = SpaceShipGuitar.app; sourceTree = BUILT_PRODUCTS_DIR; };
		40E3A293199C57DE00D90813 /* Info.plist */ = {isa = PBXFileReference; lastKnownFileType = text.plist.xml; path = Info.plist; sourceTree = "<group>"; };
		40E3A294199C57DE00D90813 /* AppDelegate.swift */ = {isa = PBXFileReference; lastKnownFileType = sourcecode.swift; path = AppDelegate.swift; sourceTree = "<group>"; };
		40E3A296199C57DE00D90813 /* GameScene.sks */ = {isa = PBXFileReference; lastKnownFileType = file.sks; path = GameScene.sks; sourceTree = "<group>"; };
		40E3A298199C57DE00D90813 /* GameScene.swift */ = {isa = PBXFileReference; lastKnownFileType = sourcecode.swift; path = GameScene.swift; sourceTree = "<group>"; };
		40E3A29A199C57DE00D90813 /* GameViewController.swift */ = {isa = PBXFileReference; lastKnownFileType = sourcecode.swift; path = GameViewController.swift; sourceTree = "<group>"; };
		40E3A29D199C57DE00D90813 /* Base */ = {isa = PBXFileReference; lastKnownFileType = file.storyboard; name = Base; path = Base.lproj/Main.storyboard; sourceTree = "<group>"; };
		40E3A29F199C57DE00D90813 /* Images.xcassets */ = {isa = PBXFileReference; lastKnownFileType = folder.assetcatalog; path = Images.xcassets; sourceTree = "<group>"; };
		40E3A2A5199C57DE00D90813 /* SpaceShipGuitarTests.xctest */ = {isa = PBXFileReference; explicitFileType = wrapper.cfbundle; includeInIndex = 0; path = SpaceShipGuitarTests.xctest; sourceTree = BUILT_PRODUCTS_DIR; };
		40E3A2AA199C57DE00D90813 /* Info.plist */ = {isa = PBXFileReference; lastKnownFileType = text.plist.xml; path = Info.plist; sourceTree = "<group>"; };
		40E3A2AB199C57DE00D90813 /* SpaceShipGuitarTests.swift */ = {isa = PBXFileReference; lastKnownFileType = sourcecode.swift; path = SpaceShipGuitarTests.swift; sourceTree = "<group>"; };
		40E3A2B5199CE4E900D90813 /* tone_eight.m4a */ = {isa = PBXFileReference; lastKnownFileType = file; path = tone_eight.m4a; sourceTree = "<group>"; };
		40E3A2B6199CE4E900D90813 /* tone_five.m4a */ = {isa = PBXFileReference; lastKnownFileType = file; path = tone_five.m4a; sourceTree = "<group>"; };
		40E3A2B7199CE4E900D90813 /* tone_four.m4a */ = {isa = PBXFileReference; lastKnownFileType = file; path = tone_four.m4a; sourceTree = "<group>"; };
		40E3A2B8199CE4E900D90813 /* tone_nine.m4a */ = {isa = PBXFileReference; lastKnownFileType = file; path = tone_nine.m4a; sourceTree = "<group>"; };
		40E3A2B9199CE4E900D90813 /* tone_one.m4a */ = {isa = PBXFileReference; lastKnownFileType = file; path = tone_one.m4a; sourceTree = "<group>"; };
		40E3A2BA199CE4E900D90813 /* tone_seven.m4a */ = {isa = PBXFileReference; lastKnownFileType = file; path = tone_seven.m4a; sourceTree = "<group>"; };
		40E3A2BB199CE4E900D90813 /* tone_six.m4a */ = {isa = PBXFileReference; lastKnownFileType = file; path = tone_six.m4a; sourceTree = "<group>"; };
		40E3A2BC199CE4E900D90813 /* tone_ten.m4a */ = {isa = PBXFileReference; lastKnownFileType = file; path = tone_ten.m4a; sourceTree = "<group>"; };
		40E3A2BD199CE4E900D90813 /* tone_three.m4a */ = {isa = PBXFileReference; lastKnownFileType = file; path = tone_three.m4a; sourceTree = "<group>"; };
		40E3A2BE199CE4E900D90813 /* tone_two.m4a */ = {isa = PBXFileReference; lastKnownFileType = file; path = tone_two.m4a; sourceTree = "<group>"; };
/* End PBXFileReference section */

/* Begin PBXFrameworksBuildPhase section */
		40E3A28C199C57DE00D90813 /* Frameworks */ = {
			isa = PBXFrameworksBuildPhase;
			buildActionMask = 2147483647;
			files = (
			);
			runOnlyForDeploymentPostprocessing = 0;
		};
		40E3A2A2199C57DE00D90813 /* Frameworks */ = {
			isa = PBXFrameworksBuildPhase;
			buildActionMask = 2147483647;
			files = (
			);
			runOnlyForDeploymentPostprocessing = 0;
		};
/* End PBXFrameworksBuildPhase section */

/* Begin PBXGroup section */
		40E3A286199C57DE00D90813 = {
			isa = PBXGroup;
			children = (
				40E3A291199C57DE00D90813 /* SpaceShipGuitar */,
				40E3A2A8199C57DE00D90813 /* SpaceShipGuitarTests */,
				40E3A290199C57DE00D90813 /* Products */,
			);
			sourceTree = "<group>";
		};
		40E3A290199C57DE00D90813 /* Products */ = {
			isa = PBXGroup;
			children = (
				40E3A28F199C57DE00D90813 /* SpaceShipGuitar.app */,
				40E3A2A5199C57DE00D90813 /* SpaceShipGuitarTests.xctest */,
			);
			name = Products;
			sourceTree = "<group>";
		};
		40E3A291199C57DE00D90813 /* SpaceShipGuitar */ = {
			isa = PBXGroup;
			children = (
				40E3A294199C57DE00D90813 /* AppDelegate.swift */,
				40E3A296199C57DE00D90813 /* GameScene.sks */,
				40E3A298199C57DE00D90813 /* GameScene.swift */,
				40E3A29A199C57DE00D90813 /* GameViewController.swift */,
				40E3A29C199C57DE00D90813 /* Main.storyboard */,
				40E3A29F199C57DE00D90813 /* Images.xcassets */,
				40E3A292199C57DE00D90813 /* Supporting Files */,
			);
			path = SpaceShipGuitar;
			sourceTree = "<group>";
		};
		40E3A292199C57DE00D90813 /* Supporting Files */ = {
			isa = PBXGroup;
			children = (
				40E3A2B5199CE4E900D90813 /* tone_eight.m4a */,
				40E3A2B6199CE4E900D90813 /* tone_five.m4a */,
				40E3A2B7199CE4E900D90813 /* tone_four.m4a */,
				40E3A2B8199CE4E900D90813 /* tone_nine.m4a */,
				40E3A2B9199CE4E900D90813 /* tone_one.m4a */,
				40E3A2BA199CE4E900D90813 /* tone_seven.m4a */,
				40E3A2BB199CE4E900D90813 /* tone_six.m4a */,
				40E3A2BC199CE4E900D90813 /* tone_ten.m4a */,
				40E3A2BD199CE4E900D90813 /* tone_three.m4a */,
				40E3A2BE199CE4E900D90813 /* tone_two.m4a */,
				40E3A293199C57DE00D90813 /* Info.plist */,
			);
			name = "Supporting Files";
			sourceTree = "<group>";
		};
		40E3A2A8199C57DE00D90813 /* SpaceShipGuitarTests */ = {
			isa = PBXGroup;
			children = (
				40E3A2AB199C57DE00D90813 /* SpaceShipGuitarTests.swift */,
				40E3A2A9199C57DE00D90813 /* Supporting Files */,
			);
			path = SpaceShipGuitarTests;
			sourceTree = "<group>";
		};
		40E3A2A9199C57DE00D90813 /* Supporting Files */ = {
			isa = PBXGroup;
			children = (
				40E3A2AA199C57DE00D90813 /* Info.plist */,
			);
			name = "Supporting Files";
			sourceTree = "<group>";
		};
/* End PBXGroup section */

/* Begin PBXNativeTarget section */
		40E3A28E199C57DE00D90813 /* SpaceShipGuitar */ = {
			isa = PBXNativeTarget;
			buildConfigurationList = 40E3A2AF199C57DE00D90813 /* Build configuration list for PBXNativeTarget "SpaceShipGuitar" */;
			buildPhases = (
				40E3A28B199C57DE00D90813 /* Sources */,
				40E3A28C199C57DE00D90813 /* Frameworks */,
				40E3A28D199C57DE00D90813 /* Resources */,
			);
			buildRules = (
			);
			dependencies = (
			);
			name = SpaceShipGuitar;
			productName = SpaceShipGuitar;
			productReference = 40E3A28F199C57DE00D90813 /* SpaceShipGuitar.app */;
			productType = "com.apple.product-type.application";
		};
		40E3A2A4199C57DE00D90813 /* SpaceShipGuitarTests */ = {
			isa = PBXNativeTarget;
			buildConfigurationList = 40E3A2B2199C57DE00D90813 /* Build configuration list for PBXNativeTarget "SpaceShipGuitarTests" */;
			buildPhases = (
				40E3A2A1199C57DE00D90813 /* Sources */,
				40E3A2A2199C57DE00D90813 /* Frameworks */,
				40E3A2A3199C57DE00D90813 /* Resources */,
			);
			buildRules = (
			);
			dependencies = (
				40E3A2A7199C57DE00D90813 /* PBXTargetDependency */,
			);
			name = SpaceShipGuitarTests;
			productName = SpaceShipGuitarTests;
			productReference = 40E3A2A5199C57DE00D90813 /* SpaceShipGuitarTests.xctest */;
			productType = "com.apple.product-type.bundle.unit-test";
		};
/* End PBXNativeTarget section */

/* Begin PBXProject section */
		40E3A287199C57DE00D90813 /* Project object */ = {
			isa = PBXProject;
			attributes = {
				LastUpgradeCheck = 0600;
				ORGANIZATIONNAME = "Josh Smith";
				TargetAttributes = {
					40E3A28E199C57DE00D90813 = {
						CreatedOnToolsVersion = 6.0;
					};
					40E3A2A4199C57DE00D90813 = {
						CreatedOnToolsVersion = 6.0;
						TestTargetID = 40E3A28E199C57DE00D90813;
					};
				};
			};
			buildConfigurationList = 40E3A28A199C57DE00D90813 /* Build configuration list for PBXProject "SpaceShipGuitar" */;
			compatibilityVersion = "Xcode 3.2";
			developmentRegion = English;
			hasScannedForEncodings = 0;
			knownRegions = (
				en,
				Base,
			);
			mainGroup = 40E3A286199C57DE00D90813;
			productRefGroup = 40E3A290199C57DE00D90813 /* Products */;
			projectDirPath = "";
			projectRoot = "";
			targets = (
				40E3A28E199C57DE00D90813 /* SpaceShipGuitar */,
				40E3A2A4199C57DE00D90813 /* SpaceShipGuitarTests */,
			);
		};
/* End PBXProject section */

/* Begin PBXResourcesBuildPhase section */
		40E3A28D199C57DE00D90813 /* Resources */ = {
			isa = PBXResourcesBuildPhase;
			buildActionMask = 2147483647;
			files = (
				40E3A2C2199CE4E900D90813 /* tone_nine.m4a in Resources */,
				40E3A2C1199CE4E900D90813 /* tone_four.m4a in Resources */,
				40E3A2BF199CE4E900D90813 /* tone_eight.m4a in Resources */,
				40E3A2C3199CE4E900D90813 /* tone_one.m4a in Resources */,
				40E3A2C4199CE4E900D90813 /* tone_seven.m4a in Resources */,
				40E3A2A0199C57DE00D90813 /* Images.xcassets in Resources */,
				40E3A2C0199CE4E900D90813 /* tone_five.m4a in Resources */,
				40E3A2C7199CE4E900D90813 /* tone_three.m4a in Resources */,
				40E3A2C8199CE4E900D90813 /* tone_two.m4a in Resources */,
				40E3A297199C57DE00D90813 /* GameScene.sks in Resources */,
				40E3A29E199C57DE00D90813 /* Main.storyboard in Resources */,
				40E3A2C6199CE4E900D90813 /* tone_ten.m4a in Resources */,
				40E3A2C5199CE4E900D90813 /* tone_six.m4a in Resources */,
			);
			runOnlyForDeploymentPostprocessing = 0;
		};
		40E3A2A3199C57DE00D90813 /* Resources */ = {
			isa = PBXResourcesBuildPhase;
			buildActionMask = 2147483647;
			files = (
			);
			runOnlyForDeploymentPostprocessing = 0;
		};
/* End PBXResourcesBuildPhase section */

/* Begin PBXSourcesBuildPhase section */
		40E3A28B199C57DE00D90813 /* Sources */ = {
			isa = PBXSourcesBuildPhase;
			buildActionMask = 2147483647;
			files = (
				40E3A299199C57DE00D90813 /* GameScene.swift in Sources */,
				40E3A29B199C57DE00D90813 /* GameViewController.swift in Sources */,
				40E3A295199C57DE00D90813 /* AppDelegate.swift in Sources */,
			);
			runOnlyForDeploymentPostprocessing = 0;
		};
		40E3A2A1199C57DE00D90813 /* Sources */ = {
			isa = PBXSourcesBuildPhase;
			buildActionMask = 2147483647;
			files = (
				40E3A2AC199C57DE00D90813 /* SpaceShipGuitarTests.swift in Sources */,
			);
			runOnlyForDeploymentPostprocessing = 0;
		};
/* End PBXSourcesBuildPhase section */

/* Begin PBXTargetDependency section */
		40E3A2A7199C57DE00D90813 /* PBXTargetDependency */ = {
			isa = PBXTargetDependency;
			target = 40E3A28E199C57DE00D90813 /* SpaceShipGuitar */;
			targetProxy = 40E3A2A6199C57DE00D90813 /* PBXContainerItemProxy */;
		};
/* End PBXTargetDependency section */

/* Begin PBXVariantGroup section */
		40E3A29C199C57DE00D90813 /* Main.storyboard */ = {
			isa = PBXVariantGroup;
			children = (
				40E3A29D199C57DE00D90813 /* Base */,
			);
			name = Main.storyboard;
			sourceTree = "<group>";
		};
/* End PBXVariantGroup section */

/* Begin XCBuildConfiguration section */
		40E3A2AD199C57DE00D90813 /* Debug */ = {
			isa = XCBuildConfiguration;
			buildSettings = {
				ALWAYS_SEARCH_USER_PATHS = NO;
				CLANG_CXX_LANGUAGE_STANDARD = "gnu++0x";
				CLANG_CXX_LIBRARY = "libc++";
				CLANG_ENABLE_MODULES = YES;
				CLANG_ENABLE_OBJC_ARC = YES;
				CLANG_WARN_BOOL_CONVERSION = YES;
				CLANG_WARN_CONSTANT_CONVERSION = YES;
				CLANG_WARN_DIRECT_OBJC_ISA_USAGE = YES_ERROR;
				CLANG_WARN_EMPTY_BODY = YES;
				CLANG_WARN_ENUM_CONVERSION = YES;
				CLANG_WARN_INT_CONVERSION = YES;
				CLANG_WARN_OBJC_ROOT_CLASS = YES_ERROR;
				CLANG_WARN_UNREACHABLE_CODE = YES;
				CLANG_WARN__DUPLICATE_METHOD_MATCH = YES;
				"CODE_SIGN_IDENTITY[sdk=iphoneos*]" = "iPhone Developer";
				COPY_PHASE_STRIP = NO;
				ENABLE_STRICT_OBJC_MSGSEND = YES;
				GCC_C_LANGUAGE_STANDARD = gnu99;
				GCC_DYNAMIC_NO_PIC = NO;
				GCC_OPTIMIZATION_LEVEL = 0;
				GCC_PREPROCESSOR_DEFINITIONS = (
					"DEBUG=1",
					"$(inherited)",
				);
				GCC_SYMBOLS_PRIVATE_EXTERN = NO;
				GCC_WARN_64_TO_32_BIT_CONVERSION = YES;
				GCC_WARN_ABOUT_RETURN_TYPE = YES_ERROR;
				GCC_WARN_UNDECLARED_SELECTOR = YES;
				GCC_WARN_UNINITIALIZED_AUTOS = YES_AGGRESSIVE;
				GCC_WARN_UNUSED_FUNCTION = YES;
				GCC_WARN_UNUSED_VARIABLE = YES;
				IPHONEOS_DEPLOYMENT_TARGET = 8.0;
				MTL_ENABLE_DEBUG_INFO = YES;
				ONLY_ACTIVE_ARCH = YES;
				SDKROOT = iphoneos;
				SWIFT_OPTIMIZATION_LEVEL = "-Onone";
			};
			name = Debug;
		};
		40E3A2AE199C57DE00D90813 /* Release */ = {
			isa = XCBuildConfiguration;
			buildSettings = {
				ALWAYS_SEARCH_USER_PATHS = NO;
				CLANG_CXX_LANGUAGE_STANDARD = "gnu++0x";
				CLANG_CXX_LIBRARY = "libc++";
				CLANG_ENABLE_MODULES = YES;
				CLANG_ENABLE_OBJC_ARC = YES;
				CLANG_WARN_BOOL_CONVERSION = YES;
				CLANG_WARN_CONSTANT_CONVERSION = YES;
				CLANG_WARN_DIRECT_OBJC_ISA_USAGE = YES_ERROR;
				CLANG_WARN_EMPTY_BODY = YES;
				CLANG_WARN_ENUM_CONVERSION = YES;
				CLANG_WARN_INT_CONVERSION = YES;
				CLANG_WARN_OBJC_ROOT_CLASS = YES_ERROR;
				CLANG_WARN_UNREACHABLE_CODE = YES;
				CLANG_WARN__DUPLICATE_METHOD_MATCH = YES;
				"CODE_SIGN_IDENTITY[sdk=iphoneos*]" = "iPhone Developer";
				COPY_PHASE_STRIP = YES;
				ENABLE_NS_ASSERTIONS = NO;
				ENABLE_STRICT_OBJC_MSGSEND = YES;
				GCC_C_LANGUAGE_STANDARD = gnu99;
				GCC_WARN_64_TO_32_BIT_CONVERSION = YES;
				GCC_WARN_ABOUT_RETURN_TYPE = YES_ERROR;
				GCC_WARN_UNDECLARED_SELECTOR = YES;
				GCC_WARN_UNINITIALIZED_AUTOS = YES_AGGRESSIVE;
				GCC_WARN_UNUSED_FUNCTION = YES;
				GCC_WARN_UNUSED_VARIABLE = YES;
				IPHONEOS_DEPLOYMENT_TARGET = 8.0;
				MTL_ENABLE_DEBUG_INFO = NO;
				SDKROOT = iphoneos;
				VALIDATE_PRODUCT = YES;
			};
			name = Release;
		};
		40E3A2B0199C57DE00D90813 /* Debug */ = {
			isa = XCBuildConfiguration;
			buildSettings = {
				ASSETCATALOG_COMPILER_APPICON_NAME = AppIcon;
				ASSETCATALOG_COMPILER_LAUNCHIMAGE_NAME = LaunchImage;
				INFOPLIST_FILE = SpaceShipGuitar/Info.plist;
				LD_RUNPATH_SEARCH_PATHS = "$(inherited) @executable_path/Frameworks";
				PRODUCT_NAME = "$(TARGET_NAME)";
			};
			name = Debug;
		};
		40E3A2B1199C57DE00D90813 /* Release */ = {
			isa = XCBuildConfiguration;
			buildSettings = {
				ASSETCATALOG_COMPILER_APPICON_NAME = AppIcon;
				ASSETCATALOG_COMPILER_LAUNCHIMAGE_NAME = LaunchImage;
				INFOPLIST_FILE = SpaceShipGuitar/Info.plist;
				LD_RUNPATH_SEARCH_PATHS = "$(inherited) @executable_path/Frameworks";
				PRODUCT_NAME = "$(TARGET_NAME)";
			};
			name = Release;
		};
		40E3A2B3199C57DE00D90813 /* Debug */ = {
			isa = XCBuildConfiguration;
			buildSettings = {
				BUNDLE_LOADER = "$(TEST_HOST)";
				FRAMEWORK_SEARCH_PATHS = (
					"$(SDKROOT)/Developer/Library/Frameworks",
					"$(inherited)",
				);
				GCC_PREPROCESSOR_DEFINITIONS = (
					"DEBUG=1",
					"$(inherited)",
				);
				INFOPLIST_FILE = SpaceShipGuitarTests/Info.plist;
				LD_RUNPATH_SEARCH_PATHS = "$(inherited) @executable_path/Frameworks @loader_path/Frameworks";
				PRODUCT_NAME = "$(TARGET_NAME)";
				TEST_HOST = "$(BUILT_PRODUCTS_DIR)/SpaceShipGuitar.app/SpaceShipGuitar";
			};
			name = Debug;
		};
		40E3A2B4199C57DE00D90813 /* Release */ = {
			isa = XCBuildConfiguration;
			buildSettings = {
				BUNDLE_LOADER = "$(TEST_HOST)";
				FRAMEWORK_SEARCH_PATHS = (
					"$(SDKROOT)/Developer/Library/Frameworks",
					"$(inherited)",
				);
				INFOPLIST_FILE = SpaceShipGuitarTests/Info.plist;
				LD_RUNPATH_SEARCH_PATHS = "$(inherited) @executable_path/Frameworks @loader_path/Frameworks";
				PRODUCT_NAME = "$(TARGET_NAME)";
				TEST_HOST = "$(BUILT_PRODUCTS_DIR)/SpaceShipGuitar.app/SpaceShipGuitar";
			};
			name = Release;
		};
/* End XCBuildConfiguration section */

/* Begin XCConfigurationList section */
		40E3A28A199C57DE00D90813 /* Build configuration list for PBXProject "SpaceShipGuitar" */ = {
			isa = XCConfigurationList;
			buildConfigurations = (
				40E3A2AD199C57DE00D90813 /* Debug */,
				40E3A2AE199C57DE00D90813 /* Release */,
			);
			defaultConfigurationIsVisible = 0;
			defaultConfigurationName = Release;
		};
		40E3A2AF199C57DE00D90813 /* Build configuration list for PBXNativeTarget "SpaceShipGuitar" */ = {
			isa = XCConfigurationList;
			buildConfigurations = (
				40E3A2B0199C57DE00D90813 /* Debug */,
				40E3A2B1199C57DE00D90813 /* Release */,
			);
			defaultConfigurationIsVisible = 0;
		};
		40E3A2B2199C57DE00D90813 /* Build configuration list for PBXNativeTarget "SpaceShipGuitarTests" */ = {
			isa = XCConfigurationList;
			buildConfigurations = (
				40E3A2B3199C57DE00D90813 /* Debug */,
				40E3A2B4199C57DE00D90813 /* Release */,
			);
			defaultConfigurationIsVisible = 0;
		};
/* End XCConfigurationList section */
	};
	rootObject = 40E3A287199C57DE00D90813 /* Project object */;
}
